// !$*UTF8*$!
{
	archiveVersion = 1;
	classes = {
	};
	objectVersion = 55;
	objects = {

/* Begin PBXBuildFile section */
		1E78BF0F4CFA4A076A41FF94 /* Pods_FirebaseToDo.framework in Frameworks */ = {isa = PBXBuildFile; fileRef = 5E537CEA877275F7D27152A3 /* Pods_FirebaseToDo.framework */; };
		FA2466EB27D7A250003232FD /* RegisterViewController.swift in Sources */ = {isa = PBXBuildFile; fileRef = FA2466EA27D7A24F003232FD /* RegisterViewController.swift */; };
		FA24672627D80A61003232FD /* NetworkRateManager.swift in Sources */ = {isa = PBXBuildFile; fileRef = FA24672027D80A60003232FD /* NetworkRateManager.swift */; };
		FA24672727D80A61003232FD /* ValuteViewController.swift in Sources */ = {isa = PBXBuildFile; fileRef = FA24672127D80A61003232FD /* ValuteViewController.swift */; };
		FA24672827D80A61003232FD /* CustomValuteCell.swift in Sources */ = {isa = PBXBuildFile; fileRef = FA24672227D80A61003232FD /* CustomValuteCell.swift */; };
		FA24672927D80A61003232FD /* CurrencyRate.swift in Sources */ = {isa = PBXBuildFile; fileRef = FA24672327D80A61003232FD /* CurrencyRate.swift */; };
		FA24672A27D80A61003232FD /* CurrencyRateData.swift in Sources */ = {isa = PBXBuildFile; fileRef = FA24672427D80A61003232FD /* CurrencyRateData.swift */; };
		FA339CB527EC7A7E0059150C /* ExtensionUIView.swift in Sources */ = {isa = PBXBuildFile; fileRef = FA339CB427EC7A7D0059150C /* ExtensionUIView.swift */; };
		FA58737527CE705600BF7ED7 /* TaskTableViewController.swift in Sources */ = {isa = PBXBuildFile; fileRef = FA58737427CE705600BF7ED7 /* TaskTableViewController.swift */; };
		FA58737927CEABEE00BF7ED7 /* GoogleService-Info.plist in Resources */ = {isa = PBXBuildFile; fileRef = FA58737827CEABEE00BF7ED7 /* GoogleService-Info.plist */; };
		FA59401427E68CDC00AEBA9E /* Tasks.swift in Sources */ = {isa = PBXBuildFile; fileRef = FA59401327E68CDC00AEBA9E /* Tasks.swift */; };
		FA804A9527DD29D7009E4762 /* ExtensionTableView.swift in Sources */ = {isa = PBXBuildFile; fileRef = FA804A9427DD29D7009E4762 /* ExtensionTableView.swift */; };
		FA82252427CD712E00920730 /* AppDelegate.swift in Sources */ = {isa = PBXBuildFile; fileRef = FA82252327CD712E00920730 /* AppDelegate.swift */; };
		FA82252627CD712E00920730 /* SceneDelegate.swift in Sources */ = {isa = PBXBuildFile; fileRef = FA82252527CD712E00920730 /* SceneDelegate.swift */; };
		FA82252827CD712E00920730 /* LoginViewController.swift in Sources */ = {isa = PBXBuildFile; fileRef = FA82252727CD712E00920730 /* LoginViewController.swift */; };
		FA82252B27CD712E00920730 /* Main.storyboard in Resources */ = {isa = PBXBuildFile; fileRef = FA82252927CD712E00920730 /* Main.storyboard */; };
		FA82252D27CD712E00920730 /* Assets.xcassets in Resources */ = {isa = PBXBuildFile; fileRef = FA82252C27CD712E00920730 /* Assets.xcassets */; };
		FA82253027CD712E00920730 /* LaunchScreen.storyboard in Resources */ = {isa = PBXBuildFile; fileRef = FA82252E27CD712E00920730 /* LaunchScreen.storyboard */; };
		FA9AFCF827D6C3F500A2C42E /* CurrentWeartherData.swift in Sources */ = {isa = PBXBuildFile; fileRef = FA9AFCF227D6C3F500A2C42E /* CurrentWeartherData.swift */; };
		FA9AFCF927D6C3F500A2C42E /* CurrentCityTranslateData.swift in Sources */ = {isa = PBXBuildFile; fileRef = FA9AFCF327D6C3F500A2C42E /* CurrentCityTranslateData.swift */; };
		FA9AFCFA27D6C3F500A2C42E /* NetworkTranslateManager.swift in Sources */ = {isa = PBXBuildFile; fileRef = FA9AFCF427D6C3F500A2C42E /* NetworkTranslateManager.swift */; };
		FA9AFCFB27D6C3F500A2C42E /* NetworkWeatherManager.swift in Sources */ = {isa = PBXBuildFile; fileRef = FA9AFCF527D6C3F500A2C42E /* NetworkWeatherManager.swift */; };
		FA9AFCFC27D6C3F500A2C42E /* CurrentWeather.swift in Sources */ = {isa = PBXBuildFile; fileRef = FA9AFCF627D6C3F500A2C42E /* CurrentWeather.swift */; };
		FA9AFCFD27D6C3F500A2C42E /* CurrentCityTranslate.swift in Sources */ = {isa = PBXBuildFile; fileRef = FA9AFCF727D6C3F500A2C42E /* CurrentCityTranslate.swift */; };
		FA9AFD0527D6C41A00A2C42E /* ExtentionWeatherVC + AlertController.swift in Sources */ = {isa = PBXBuildFile; fileRef = FA9AFCFE27D6C41900A2C42E /* ExtentionWeatherVC + AlertController.swift */; };
		FA9AFD0627D6C41A00A2C42E /* DetailWeatherVC.swift in Sources */ = {isa = PBXBuildFile; fileRef = FA9AFCFF27D6C41900A2C42E /* DetailWeatherVC.swift */; };
		FA9AFD0827D6C41A00A2C42E /* ExtensionImageView.swift in Sources */ = {isa = PBXBuildFile; fileRef = FA9AFD0127D6C41900A2C42E /* ExtensionImageView.swift */; };
		FA9AFD0927D6C41A00A2C42E /* ExtensionUIButton.swift in Sources */ = {isa = PBXBuildFile; fileRef = FA9AFD0227D6C41900A2C42E /* ExtensionUIButton.swift */; };
		FA9AFD0A27D6C41A00A2C42E /* ExtensionUILabel.swift in Sources */ = {isa = PBXBuildFile; fileRef = FA9AFD0327D6C41900A2C42E /* ExtensionUILabel.swift */; };
		FA9AFD0B27D6C41A00A2C42E /* WeatherViewController.swift in Sources */ = {isa = PBXBuildFile; fileRef = FA9AFD0427D6C41A00A2C42E /* WeatherViewController.swift */; };
		FA9AFD0D27D6C49400A2C42E /* Constans.swift in Sources */ = {isa = PBXBuildFile; fileRef = FA9AFD0C27D6C49400A2C42E /* Constans.swift */; };
		FAA4496E27D12BC500D327FA /* Users.swift in Sources */ = {isa = PBXBuildFile; fileRef = FAA4496D27D12BC500D327FA /* Users.swift */; };
		FAD18EE627CF8B1500DE2567 /* Task.swift in Sources */ = {isa = PBXBuildFile; fileRef = FAD18EE527CF8B1500DE2567 /* Task.swift */; };
		FAD5898427D9356900C493FE /* ExtensionTabBarController.swift in Sources */ = {isa = PBXBuildFile; fileRef = FAD5898327D9356900C493FE /* ExtensionTabBarController.swift */; };
		FAEE111627E24164007548BB /* TasksViewController.swift in Sources */ = {isa = PBXBuildFile; fileRef = FAEE111527E24164007548BB /* TasksViewController.swift */; };
		FAEE111827E24177007548BB /* CollectionViewCell.swift in Sources */ = {isa = PBXBuildFile; fileRef = FAEE111727E24177007548BB /* CollectionViewCell.swift */; };
		FAEE111C27E28A04007548BB /* TasksCollectionViewCell.swift in Sources */ = {isa = PBXBuildFile; fileRef = FAEE111B27E28A04007548BB /* TasksCollectionViewCell.swift */; };
/* End PBXBuildFile section */

/* Begin PBXFileReference section */
		5E537CEA877275F7D27152A3 /* Pods_FirebaseToDo.framework */ = {isa = PBXFileReference; explicitFileType = wrapper.framework; includeInIndex = 0; path = Pods_FirebaseToDo.framework; sourceTree = BUILT_PRODUCTS_DIR; };
		C0DC52A1F710E4CE0291E430 /* Pods-FirebaseToDo.debug.xcconfig */ = {isa = PBXFileReference; includeInIndex = 1; lastKnownFileType = text.xcconfig; name = "Pods-FirebaseToDo.debug.xcconfig"; path = "Target Support Files/Pods-FirebaseToDo/Pods-FirebaseToDo.debug.xcconfig"; sourceTree = "<group>"; };
		C37FD49384D30470B5253FD3 /* Pods-FirebaseToDo.release.xcconfig */ = {isa = PBXFileReference; includeInIndex = 1; lastKnownFileType = text.xcconfig; name = "Pods-FirebaseToDo.release.xcconfig"; path = "Target Support Files/Pods-FirebaseToDo/Pods-FirebaseToDo.release.xcconfig"; sourceTree = "<group>"; };
		FA2466EA27D7A24F003232FD /* RegisterViewController.swift */ = {isa = PBXFileReference; lastKnownFileType = sourcecode.swift; path = RegisterViewController.swift; sourceTree = "<group>"; };
		FA24672027D80A60003232FD /* NetworkRateManager.swift */ = {isa = PBXFileReference; fileEncoding = 4; lastKnownFileType = sourcecode.swift; path = NetworkRateManager.swift; sourceTree = "<group>"; };
		FA24672127D80A61003232FD /* ValuteViewController.swift */ = {isa = PBXFileReference; fileEncoding = 4; lastKnownFileType = sourcecode.swift; path = ValuteViewController.swift; sourceTree = "<group>"; };
		FA24672227D80A61003232FD /* CustomValuteCell.swift */ = {isa = PBXFileReference; fileEncoding = 4; lastKnownFileType = sourcecode.swift; path = CustomValuteCell.swift; sourceTree = "<group>"; };
		FA24672327D80A61003232FD /* CurrencyRate.swift */ = {isa = PBXFileReference; fileEncoding = 4; lastKnownFileType = sourcecode.swift; path = CurrencyRate.swift; sourceTree = "<group>"; };
		FA24672427D80A61003232FD /* CurrencyRateData.swift */ = {isa = PBXFileReference; fileEncoding = 4; lastKnownFileType = sourcecode.swift; path = CurrencyRateData.swift; sourceTree = "<group>"; };
		FA339CB427EC7A7D0059150C /* ExtensionUIView.swift */ = {isa = PBXFileReference; lastKnownFileType = sourcecode.swift; path = ExtensionUIView.swift; sourceTree = "<group>"; };
		FA58737427CE705600BF7ED7 /* TaskTableViewController.swift */ = {isa = PBXFileReference; lastKnownFileType = sourcecode.swift; path = TaskTableViewController.swift; sourceTree = "<group>"; };
		FA58737827CEABEE00BF7ED7 /* GoogleService-Info.plist */ = {isa = PBXFileReference; fileEncoding = 4; lastKnownFileType = text.plist.xml; path = "GoogleService-Info.plist"; sourceTree = "<group>"; };
		FA59401327E68CDC00AEBA9E /* Tasks.swift */ = {isa = PBXFileReference; lastKnownFileType = sourcecode.swift; path = Tasks.swift; sourceTree = "<group>"; };
		FA804A9427DD29D7009E4762 /* ExtensionTableView.swift */ = {isa = PBXFileReference; lastKnownFileType = sourcecode.swift; path = ExtensionTableView.swift; sourceTree = "<group>"; };
		FA82252027CD712E00920730 /* FirebaseToDo.app */ = {isa = PBXFileReference; explicitFileType = wrapper.application; includeInIndex = 0; path = FirebaseToDo.app; sourceTree = BUILT_PRODUCTS_DIR; };
		FA82252327CD712E00920730 /* AppDelegate.swift */ = {isa = PBXFileReference; lastKnownFileType = sourcecode.swift; path = AppDelegate.swift; sourceTree = "<group>"; };
		FA82252527CD712E00920730 /* SceneDelegate.swift */ = {isa = PBXFileReference; lastKnownFileType = sourcecode.swift; path = SceneDelegate.swift; sourceTree = "<group>"; };
		FA82252727CD712E00920730 /* LoginViewController.swift */ = {isa = PBXFileReference; lastKnownFileType = sourcecode.swift; path = LoginViewController.swift; sourceTree = "<group>"; };
		FA82252A27CD712E00920730 /* Base */ = {isa = PBXFileReference; lastKnownFileType = file.storyboard; name = Base; path = Base.lproj/Main.storyboard; sourceTree = "<group>"; };
		FA82252C27CD712E00920730 /* Assets.xcassets */ = {isa = PBXFileReference; lastKnownFileType = folder.assetcatalog; path = Assets.xcassets; sourceTree = "<group>"; };
		FA82252F27CD712E00920730 /* Base */ = {isa = PBXFileReference; lastKnownFileType = file.storyboard; name = Base; path = Base.lproj/LaunchScreen.storyboard; sourceTree = "<group>"; };
		FA82253127CD712E00920730 /* Info.plist */ = {isa = PBXFileReference; lastKnownFileType = text.plist.xml; path = Info.plist; sourceTree = "<group>"; };
		FA9AFCF227D6C3F500A2C42E /* CurrentWeartherData.swift */ = {isa = PBXFileReference; fileEncoding = 4; lastKnownFileType = sourcecode.swift; path = CurrentWeartherData.swift; sourceTree = "<group>"; };
		FA9AFCF327D6C3F500A2C42E /* CurrentCityTranslateData.swift */ = {isa = PBXFileReference; fileEncoding = 4; lastKnownFileType = sourcecode.swift; path = CurrentCityTranslateData.swift; sourceTree = "<group>"; };
		FA9AFCF427D6C3F500A2C42E /* NetworkTranslateManager.swift */ = {isa = PBXFileReference; fileEncoding = 4; lastKnownFileType = sourcecode.swift; path = NetworkTranslateManager.swift; sourceTree = "<group>"; };
		FA9AFCF527D6C3F500A2C42E /* NetworkWeatherManager.swift */ = {isa = PBXFileReference; fileEncoding = 4; lastKnownFileType = sourcecode.swift; path = NetworkWeatherManager.swift; sourceTree = "<group>"; };
		FA9AFCF627D6C3F500A2C42E /* CurrentWeather.swift */ = {isa = PBXFileReference; fileEncoding = 4; lastKnownFileType = sourcecode.swift; path = CurrentWeather.swift; sourceTree = "<group>"; };
		FA9AFCF727D6C3F500A2C42E /* CurrentCityTranslate.swift */ = {isa = PBXFileReference; fileEncoding = 4; lastKnownFileType = sourcecode.swift; path = CurrentCityTranslate.swift; sourceTree = "<group>"; };
		FA9AFCFE27D6C41900A2C42E /* ExtentionWeatherVC + AlertController.swift */ = {isa = PBXFileReference; fileEncoding = 4; lastKnownFileType = sourcecode.swift; path = "ExtentionWeatherVC + AlertController.swift"; sourceTree = "<group>"; };
		FA9AFCFF27D6C41900A2C42E /* DetailWeatherVC.swift */ = {isa = PBXFileReference; fileEncoding = 4; lastKnownFileType = sourcecode.swift; path = DetailWeatherVC.swift; sourceTree = "<group>"; };
		FA9AFD0127D6C41900A2C42E /* ExtensionImageView.swift */ = {isa = PBXFileReference; fileEncoding = 4; lastKnownFileType = sourcecode.swift; path = ExtensionImageView.swift; sourceTree = "<group>"; };
		FA9AFD0227D6C41900A2C42E /* ExtensionUIButton.swift */ = {isa = PBXFileReference; fileEncoding = 4; lastKnownFileType = sourcecode.swift; path = ExtensionUIButton.swift; sourceTree = "<group>"; };
		FA9AFD0327D6C41900A2C42E /* ExtensionUILabel.swift */ = {isa = PBXFileReference; fileEncoding = 4; lastKnownFileType = sourcecode.swift; path = ExtensionUILabel.swift; sourceTree = "<group>"; };
		FA9AFD0427D6C41A00A2C42E /* WeatherViewController.swift */ = {isa = PBXFileReference; fileEncoding = 4; lastKnownFileType = sourcecode.swift; path = WeatherViewController.swift; sourceTree = "<group>"; };
		FA9AFD0C27D6C49400A2C42E /* Constans.swift */ = {isa = PBXFileReference; fileEncoding = 4; lastKnownFileType = sourcecode.swift; path = Constans.swift; sourceTree = "<group>"; };
		FAA4496D27D12BC500D327FA /* Users.swift */ = {isa = PBXFileReference; lastKnownFileType = sourcecode.swift; path = Users.swift; sourceTree = "<group>"; };
		FAD18EE527CF8B1500DE2567 /* Task.swift */ = {isa = PBXFileReference; lastKnownFileType = sourcecode.swift; path = Task.swift; sourceTree = "<group>"; };
		FAD5898327D9356900C493FE /* ExtensionTabBarController.swift */ = {isa = PBXFileReference; lastKnownFileType = sourcecode.swift; path = ExtensionTabBarController.swift; sourceTree = "<group>"; };
		FAEE111527E24164007548BB /* TasksViewController.swift */ = {isa = PBXFileReference; lastKnownFileType = sourcecode.swift; name = TasksViewController.swift; path = FirebaseToDo/View/TasksViewController.swift; sourceTree = SOURCE_ROOT; };
		FAEE111727E24177007548BB /* CollectionViewCell.swift */ = {isa = PBXFileReference; lastKnownFileType = sourcecode.swift; name = CollectionViewCell.swift; path = FirebaseToDo/Controllers/CollectionViewCell.swift; sourceTree = SOURCE_ROOT; };
		FAEE111B27E28A04007548BB /* TasksCollectionViewCell.swift */ = {isa = PBXFileReference; lastKnownFileType = sourcecode.swift; path = TasksCollectionViewCell.swift; sourceTree = "<group>"; };
/* End PBXFileReference section */

/* Begin PBXFrameworksBuildPhase section */
		FA82251D27CD712E00920730 /* Frameworks */ = {
			isa = PBXFrameworksBuildPhase;
			buildActionMask = 2147483647;
			files = (
				1E78BF0F4CFA4A076A41FF94 /* Pods_FirebaseToDo.framework in Frameworks */,
			);
			runOnlyForDeploymentPostprocessing = 0;
		};
/* End PBXFrameworksBuildPhase section */

/* Begin PBXGroup section */
		80CB7CDA32D267F6BF309FEF /* Pods */ = {
			isa = PBXGroup;
			children = (
				C0DC52A1F710E4CE0291E430 /* Pods-FirebaseToDo.debug.xcconfig */,
				C37FD49384D30470B5253FD3 /* Pods-FirebaseToDo.release.xcconfig */,
			);
			path = Pods;
			sourceTree = "<group>";
		};
		F61242E39304964D582264EC /* Frameworks */ = {
			isa = PBXGroup;
			children = (
				5E537CEA877275F7D27152A3 /* Pods_FirebaseToDo.framework */,
				80CB7CDA32D267F6BF309FEF /* Pods */,
			);
			name = Frameworks;
			sourceTree = "<group>";
		};
		FA82251727CD712E00920730 = {
			isa = PBXGroup;
			children = (
				FA82252227CD712E00920730 /* FirebaseToDo */,
				FA82252127CD712E00920730 /* Products */,
				F61242E39304964D582264EC /* Frameworks */,
			);
			sourceTree = "<group>";
		};
		FA82252127CD712E00920730 /* Products */ = {
			isa = PBXGroup;
			children = (
				FA82252027CD712E00920730 /* FirebaseToDo.app */,
			);
			name = Products;
			sourceTree = "<group>";
		};
		FA82252227CD712E00920730 /* FirebaseToDo */ = {
			isa = PBXGroup;
			children = (
				FAA4497127D12C4200D327FA /* Models */,
				FAA06DC027DBC8AD0005F327 /* View */,
				FAA4496F27D12BF100D327FA /* Controllers */,
				FAA4497027D12C1E00D327FA /* Supporting Files */,
				FA82253127CD712E00920730 /* Info.plist */,
			);
			path = FirebaseToDo;
			sourceTree = "<group>";
		};
		FAA06DBC27DBBD3E0005F327 /* ValuteModel */ = {
			isa = PBXGroup;
			children = (
				FA24672027D80A60003232FD /* NetworkRateManager.swift */,
				FA24672327D80A61003232FD /* CurrencyRate.swift */,
				FA24672427D80A61003232FD /* CurrencyRateData.swift */,
			);
			path = ValuteModel;
			sourceTree = "<group>";
		};
		FAA06DBD27DBBD890005F327 /* WeatherModel */ = {
			isa = PBXGroup;
			children = (
				FA9AFCF527D6C3F500A2C42E /* NetworkWeatherManager.swift */,
				FA9AFCF227D6C3F500A2C42E /* CurrentWeartherData.swift */,
				FA9AFCF627D6C3F500A2C42E /* CurrentWeather.swift */,
			);
			path = WeatherModel;
			sourceTree = "<group>";
		};
		FAA06DBE27DBBE080005F327 /* FirebaseModel */ = {
			isa = PBXGroup;
			children = (
				FAD18EE527CF8B1500DE2567 /* Task.swift */,
				FA59401327E68CDC00AEBA9E /* Tasks.swift */,
				FAA4496D27D12BC500D327FA /* Users.swift */,
			);
			path = FirebaseModel;
			sourceTree = "<group>";
		};
		FAA06DBF27DBBE530005F327 /* Extansions */ = {
			isa = PBXGroup;
			children = (
				FA804A9427DD29D7009E4762 /* ExtensionTableView.swift */,
				FAD5898327D9356900C493FE /* ExtensionTabBarController.swift */,
				FA9AFD0127D6C41900A2C42E /* ExtensionImageView.swift */,
				FA9AFD0227D6C41900A2C42E /* ExtensionUIButton.swift */,
				FA9AFD0327D6C41900A2C42E /* ExtensionUILabel.swift */,
				FA339CB427EC7A7D0059150C /* ExtensionUIView.swift */,
				FA9AFCFE27D6C41900A2C42E /* ExtentionWeatherVC + AlertController.swift */,
			);
			path = Extansions;
			sourceTree = "<group>";
		};
		FAA06DC027DBC8AD0005F327 /* View */ = {
			isa = PBXGroup;
			children = (
				FAEE111B27E28A04007548BB /* TasksCollectionViewCell.swift */,
				FAEE111727E24177007548BB /* CollectionViewCell.swift */,
				FA24672227D80A61003232FD /* CustomValuteCell.swift */,
				FA82252E27CD712E00920730 /* LaunchScreen.storyboard */,
				FA82252927CD712E00920730 /* Main.storyboard */,
				FA82252C27CD712E00920730 /* Assets.xcassets */,
			);
			path = View;
			sourceTree = "<group>";
		};
		FAA4496F27D12BF100D327FA /* Controllers */ = {
			isa = PBXGroup;
			children = (
				FA82252727CD712E00920730 /* LoginViewController.swift */,
				FA2466EA27D7A24F003232FD /* RegisterViewController.swift */,
				FAEE111527E24164007548BB /* TasksViewController.swift */,
				FA58737427CE705600BF7ED7 /* TaskTableViewController.swift */,
				FA9AFD0427D6C41A00A2C42E /* WeatherViewController.swift */,
				FA9AFCFF27D6C41900A2C42E /* DetailWeatherVC.swift */,
				FA24672127D80A61003232FD /* ValuteViewController.swift */,
			);
			path = Controllers;
			sourceTree = "<group>";
		};
		FAA4497027D12C1E00D327FA /* Supporting Files */ = {
			isa = PBXGroup;
			children = (
				FAA06DBF27DBBE530005F327 /* Extansions */,
				FA9AFD0C27D6C49400A2C42E /* Constans.swift */,
				FA82252327CD712E00920730 /* AppDelegate.swift */,
				FA82252527CD712E00920730 /* SceneDelegate.swift */,
				FA58737827CEABEE00BF7ED7 /* GoogleService-Info.plist */,
			);
			path = "Supporting Files";
			sourceTree = "<group>";
		};
		FAA4497127D12C4200D327FA /* Models */ = {
			isa = PBXGroup;
			children = (
				FAB33BD027F7597800F299A2 /* TranslateModel */,
				FAA06DBC27DBBD3E0005F327 /* ValuteModel */,
				FAA06DBD27DBBD890005F327 /* WeatherModel */,
				FAA06DBE27DBBE080005F327 /* FirebaseModel */,
			);
			path = Models;
			sourceTree = "<group>";
		};
		FAB33BD027F7597800F299A2 /* TranslateModel */ = {
			isa = PBXGroup;
			children = (
				FA9AFCF427D6C3F500A2C42E /* NetworkTranslateManager.swift */,
				FA9AFCF727D6C3F500A2C42E /* CurrentCityTranslate.swift */,
				FA9AFCF327D6C3F500A2C42E /* CurrentCityTranslateData.swift */,
			);
			path = TranslateModel;
			sourceTree = "<group>";
		};
/* End PBXGroup section */

/* Begin PBXNativeTarget section */
		FA82251F27CD712E00920730 /* FirebaseToDo */ = {
			isa = PBXNativeTarget;
			buildConfigurationList = FA82253427CD712E00920730 /* Build configuration list for PBXNativeTarget "FirebaseToDo" */;
			buildPhases = (
				BC0288D2D8510B6DF2ED75E0 /* [CP] Check Pods Manifest.lock */,
				FA82251C27CD712E00920730 /* Sources */,
				FA82251D27CD712E00920730 /* Frameworks */,
				FA82251E27CD712E00920730 /* Resources */,
				C662489BA4BBCBA665C9E746 /* [CP] Embed Pods Frameworks */,
			);
			buildRules = (
			);
			dependencies = (
			);
			name = FirebaseToDo;
			productName = FirebaseToDo;
			productReference = FA82252027CD712E00920730 /* FirebaseToDo.app */;
			productType = "com.apple.product-type.application";
		};
/* End PBXNativeTarget section */

/* Begin PBXProject section */
		FA82251827CD712E00920730 /* Project object */ = {
			isa = PBXProject;
			attributes = {
				BuildIndependentTargetsInParallel = 1;
				LastSwiftUpdateCheck = 1320;
				LastUpgradeCheck = 1320;
				TargetAttributes = {
					FA82251F27CD712E00920730 = {
						CreatedOnToolsVersion = 13.2.1;
					};
				};
			};
			buildConfigurationList = FA82251B27CD712E00920730 /* Build configuration list for PBXProject "FirebaseToDo" */;
			compatibilityVersion = "Xcode 13.0";
			developmentRegion = en;
			hasScannedForEncodings = 0;
			knownRegions = (
				en,
				Base,
			);
			mainGroup = FA82251727CD712E00920730;
			productRefGroup = FA82252127CD712E00920730 /* Products */;
			projectDirPath = "";
			projectRoot = "";
			targets = (
				FA82251F27CD712E00920730 /* FirebaseToDo */,
			);
		};
/* End PBXProject section */

/* Begin PBXResourcesBuildPhase section */
		FA82251E27CD712E00920730 /* Resources */ = {
			isa = PBXResourcesBuildPhase;
			buildActionMask = 2147483647;
			files = (
				FA82253027CD712E00920730 /* LaunchScreen.storyboard in Resources */,
				FA58737927CEABEE00BF7ED7 /* GoogleService-Info.plist in Resources */,
				FA82252D27CD712E00920730 /* Assets.xcassets in Resources */,
				FA82252B27CD712E00920730 /* Main.storyboard in Resources */,
			);
			runOnlyForDeploymentPostprocessing = 0;
		};
/* End PBXResourcesBuildPhase section */

/* Begin PBXShellScriptBuildPhase section */
		BC0288D2D8510B6DF2ED75E0 /* [CP] Check Pods Manifest.lock */ = {
			isa = PBXShellScriptBuildPhase;
			buildActionMask = 2147483647;
			files = (
			);
			inputFileListPaths = (
			);
			inputPaths = (
				"${PODS_PODFILE_DIR_PATH}/Podfile.lock",
				"${PODS_ROOT}/Manifest.lock",
			);
			name = "[CP] Check Pods Manifest.lock";
			outputFileListPaths = (
			);
			outputPaths = (
				"$(DERIVED_FILE_DIR)/Pods-FirebaseToDo-checkManifestLockResult.txt",
			);
			runOnlyForDeploymentPostprocessing = 0;
			shellPath = /bin/sh;
			shellScript = "diff \"${PODS_PODFILE_DIR_PATH}/Podfile.lock\" \"${PODS_ROOT}/Manifest.lock\" > /dev/null\nif [ $? != 0 ] ; then\n    # print error to STDERR\n    echo \"error: The sandbox is not in sync with the Podfile.lock. Run 'pod install' or update your CocoaPods installation.\" >&2\n    exit 1\nfi\n# This output is used by Xcode 'outputs' to avoid re-running this script phase.\necho \"SUCCESS\" > \"${SCRIPT_OUTPUT_FILE_0}\"\n";
			showEnvVarsInLog = 0;
		};
		C662489BA4BBCBA665C9E746 /* [CP] Embed Pods Frameworks */ = {
			isa = PBXShellScriptBuildPhase;
			buildActionMask = 2147483647;
			files = (
			);
			inputFileListPaths = (
				"${PODS_ROOT}/Target Support Files/Pods-FirebaseToDo/Pods-FirebaseToDo-frameworks-${CONFIGURATION}-input-files.xcfilelist",
			);
			name = "[CP] Embed Pods Frameworks";
			outputFileListPaths = (
				"${PODS_ROOT}/Target Support Files/Pods-FirebaseToDo/Pods-FirebaseToDo-frameworks-${CONFIGURATION}-output-files.xcfilelist",
			);
			runOnlyForDeploymentPostprocessing = 0;
			shellPath = /bin/sh;
			shellScript = "\"${PODS_ROOT}/Target Support Files/Pods-FirebaseToDo/Pods-FirebaseToDo-frameworks.sh\"\n";
			showEnvVarsInLog = 0;
		};
/* End PBXShellScriptBuildPhase section */

/* Begin PBXSourcesBuildPhase section */
		FA82251C27CD712E00920730 /* Sources */ = {
			isa = PBXSourcesBuildPhase;
			buildActionMask = 2147483647;
			files = (
				FA24672627D80A61003232FD /* NetworkRateManager.swift in Sources */,
				FA9AFCF927D6C3F500A2C42E /* CurrentCityTranslateData.swift in Sources */,
				FA24672A27D80A61003232FD /* CurrencyRateData.swift in Sources */,
				FA9AFD0B27D6C41A00A2C42E /* WeatherViewController.swift in Sources */,
				FAD18EE627CF8B1500DE2567 /* Task.swift in Sources */,
				FA24672927D80A61003232FD /* CurrencyRate.swift in Sources */,
				FA9AFCFD27D6C3F500A2C42E /* CurrentCityTranslate.swift in Sources */,
				FA9AFD0627D6C41A00A2C42E /* DetailWeatherVC.swift in Sources */,
				FA24672727D80A61003232FD /* ValuteViewController.swift in Sources */,
				FA9AFD0D27D6C49400A2C42E /* Constans.swift in Sources */,
				FAEE111627E24164007548BB /* TasksViewController.swift in Sources */,
				FA9AFD0927D6C41A00A2C42E /* ExtensionUIButton.swift in Sources */,
				FA9AFD0527D6C41A00A2C42E /* ExtentionWeatherVC + AlertController.swift in Sources */,
				FA9AFD0A27D6C41A00A2C42E /* ExtensionUILabel.swift in Sources */,
				FAD5898427D9356900C493FE /* ExtensionTabBarController.swift in Sources */,
				FA82252827CD712E00920730 /* LoginViewController.swift in Sources */,
				FA9AFCF827D6C3F500A2C42E /* CurrentWeartherData.swift in Sources */,
				FA9AFD0827D6C41A00A2C42E /* ExtensionImageView.swift in Sources */,
				FA82252427CD712E00920730 /* AppDelegate.swift in Sources */,
				FA58737527CE705600BF7ED7 /* TaskTableViewController.swift in Sources */,
				FA2466EB27D7A250003232FD /* RegisterViewController.swift in Sources */,
				FA9AFCFA27D6C3F500A2C42E /* NetworkTranslateManager.swift in Sources */,
				FA804A9527DD29D7009E4762 /* ExtensionTableView.swift in Sources */,
				FA339CB527EC7A7E0059150C /* ExtensionUIView.swift in Sources */,
				FAEE111827E24177007548BB /* CollectionViewCell.swift in Sources */,
				FA24672827D80A61003232FD /* CustomValuteCell.swift in Sources */,
				FAEE111C27E28A04007548BB /* TasksCollectionViewCell.swift in Sources */,
				FA59401427E68CDC00AEBA9E /* Tasks.swift in Sources */,
				FA82252627CD712E00920730 /* SceneDelegate.swift in Sources */,
				FAA4496E27D12BC500D327FA /* Users.swift in Sources */,
				FA9AFCFC27D6C3F500A2C42E /* CurrentWeather.swift in Sources */,
				FA9AFCFB27D6C3F500A2C42E /* NetworkWeatherManager.swift in Sources */,
			);
			runOnlyForDeploymentPostprocessing = 0;
		};
/* End PBXSourcesBuildPhase section */

/* Begin PBXVariantGroup section */
		FA82252927CD712E00920730 /* Main.storyboard */ = {
			isa = PBXVariantGroup;
			children = (
				FA82252A27CD712E00920730 /* Base */,
			);
			name = Main.storyboard;
			sourceTree = "<group>";
		};
		FA82252E27CD712E00920730 /* LaunchScreen.storyboard */ = {
			isa = PBXVariantGroup;
			children = (
				FA82252F27CD712E00920730 /* Base */,
			);
			name = LaunchScreen.storyboard;
			sourceTree = "<group>";
		};
/* End PBXVariantGroup section */

/* Begin XCBuildConfiguration section */
		FA82253227CD712E00920730 /* Debug */ = {
			isa = XCBuildConfiguration;
			buildSettings = {
				ALWAYS_SEARCH_USER_PATHS = NO;
				CLANG_ANALYZER_NONNULL = YES;
				CLANG_ANALYZER_NUMBER_OBJECT_CONVERSION = YES_AGGRESSIVE;
				CLANG_CXX_LANGUAGE_STANDARD = "gnu++17";
				CLANG_CXX_LIBRARY = "libc++";
				CLANG_ENABLE_MODULES = YES;
				CLANG_ENABLE_OBJC_ARC = YES;
				CLANG_ENABLE_OBJC_WEAK = YES;
				CLANG_WARN_BLOCK_CAPTURE_AUTORELEASING = YES;
				CLANG_WARN_BOOL_CONVERSION = YES;
				CLANG_WARN_COMMA = YES;
				CLANG_WARN_CONSTANT_CONVERSION = YES;
				CLANG_WARN_DEPRECATED_OBJC_IMPLEMENTATIONS = YES;
				CLANG_WARN_DIRECT_OBJC_ISA_USAGE = YES_ERROR;
				CLANG_WARN_DOCUMENTATION_COMMENTS = YES;
				CLANG_WARN_EMPTY_BODY = YES;
				CLANG_WARN_ENUM_CONVERSION = YES;
				CLANG_WARN_INFINITE_RECURSION = YES;
				CLANG_WARN_INT_CONVERSION = YES;
				CLANG_WARN_NON_LITERAL_NULL_CONVERSION = YES;
				CLANG_WARN_OBJC_IMPLICIT_RETAIN_SELF = YES;
				CLANG_WARN_OBJC_LITERAL_CONVERSION = YES;
				CLANG_WARN_OBJC_ROOT_CLASS = YES_ERROR;
				CLANG_WARN_QUOTED_INCLUDE_IN_FRAMEWORK_HEADER = YES;
				CLANG_WARN_RANGE_LOOP_ANALYSIS = YES;
				CLANG_WARN_STRICT_PROTOTYPES = YES;
				CLANG_WARN_SUSPICIOUS_MOVE = YES;
				CLANG_WARN_UNGUARDED_AVAILABILITY = YES_AGGRESSIVE;
				CLANG_WARN_UNREACHABLE_CODE = YES;
				CLANG_WARN__DUPLICATE_METHOD_MATCH = YES;
				COPY_PHASE_STRIP = NO;
				DEBUG_INFORMATION_FORMAT = dwarf;
				ENABLE_STRICT_OBJC_MSGSEND = YES;
				ENABLE_TESTABILITY = YES;
				GCC_C_LANGUAGE_STANDARD = gnu11;
				GCC_DYNAMIC_NO_PIC = NO;
				GCC_NO_COMMON_BLOCKS = YES;
				GCC_OPTIMIZATION_LEVEL = 0;
				GCC_PREPROCESSOR_DEFINITIONS = (
					"DEBUG=1",
					"$(inherited)",
				);
				GCC_WARN_64_TO_32_BIT_CONVERSION = YES;
				GCC_WARN_ABOUT_RETURN_TYPE = YES_ERROR;
				GCC_WARN_UNDECLARED_SELECTOR = YES;
				GCC_WARN_UNINITIALIZED_AUTOS = YES_AGGRESSIVE;
				GCC_WARN_UNUSED_FUNCTION = YES;
				GCC_WARN_UNUSED_VARIABLE = YES;
				IPHONEOS_DEPLOYMENT_TARGET = 15.2;
				MTL_ENABLE_DEBUG_INFO = INCLUDE_SOURCE;
				MTL_FAST_MATH = YES;
				ONLY_ACTIVE_ARCH = YES;
				SDKROOT = iphoneos;
				SWIFT_ACTIVE_COMPILATION_CONDITIONS = DEBUG;
				SWIFT_OPTIMIZATION_LEVEL = "-Onone";
			};
			name = Debug;
		};
		FA82253327CD712E00920730 /* Release */ = {
			isa = XCBuildConfiguration;
			buildSettings = {
				ALWAYS_SEARCH_USER_PATHS = NO;
				CLANG_ANALYZER_NONNULL = YES;
				CLANG_ANALYZER_NUMBER_OBJECT_CONVERSION = YES_AGGRESSIVE;
				CLANG_CXX_LANGUAGE_STANDARD = "gnu++17";
				CLANG_CXX_LIBRARY = "libc++";
				CLANG_ENABLE_MODULES = YES;
				CLANG_ENABLE_OBJC_ARC = YES;
				CLANG_ENABLE_OBJC_WEAK = YES;
				CLANG_WARN_BLOCK_CAPTURE_AUTORELEASING = YES;
				CLANG_WARN_BOOL_CONVERSION = YES;
				CLANG_WARN_COMMA = YES;
				CLANG_WARN_CONSTANT_CONVERSION = YES;
				CLANG_WARN_DEPRECATED_OBJC_IMPLEMENTATIONS = YES;
				CLANG_WARN_DIRECT_OBJC_ISA_USAGE = YES_ERROR;
				CLANG_WARN_DOCUMENTATION_COMMENTS = YES;
				CLANG_WARN_EMPTY_BODY = YES;
				CLANG_WARN_ENUM_CONVERSION = YES;
				CLANG_WARN_INFINITE_RECURSION = YES;
				CLANG_WARN_INT_CONVERSION = YES;
				CLANG_WARN_NON_LITERAL_NULL_CONVERSION = YES;
				CLANG_WARN_OBJC_IMPLICIT_RETAIN_SELF = YES;
				CLANG_WARN_OBJC_LITERAL_CONVERSION = YES;
				CLANG_WARN_OBJC_ROOT_CLASS = YES_ERROR;
				CLANG_WARN_QUOTED_INCLUDE_IN_FRAMEWORK_HEADER = YES;
				CLANG_WARN_RANGE_LOOP_ANALYSIS = YES;
				CLANG_WARN_STRICT_PROTOTYPES = YES;
				CLANG_WARN_SUSPICIOUS_MOVE = YES;
				CLANG_WARN_UNGUARDED_AVAILABILITY = YES_AGGRESSIVE;
				CLANG_WARN_UNREACHABLE_CODE = YES;
				CLANG_WARN__DUPLICATE_METHOD_MATCH = YES;
				COPY_PHASE_STRIP = NO;
				DEBUG_INFORMATION_FORMAT = "dwarf-with-dsym";
				ENABLE_NS_ASSERTIONS = NO;
				ENABLE_STRICT_OBJC_MSGSEND = YES;
				GCC_C_LANGUAGE_STANDARD = gnu11;
				GCC_NO_COMMON_BLOCKS = YES;
				GCC_WARN_64_TO_32_BIT_CONVERSION = YES;
				GCC_WARN_ABOUT_RETURN_TYPE = YES_ERROR;
				GCC_WARN_UNDECLARED_SELECTOR = YES;
				GCC_WARN_UNINITIALIZED_AUTOS = YES_AGGRESSIVE;
				GCC_WARN_UNUSED_FUNCTION = YES;
				GCC_WARN_UNUSED_VARIABLE = YES;
				IPHONEOS_DEPLOYMENT_TARGET = 15.2;
				MTL_ENABLE_DEBUG_INFO = NO;
				MTL_FAST_MATH = YES;
				SDKROOT = iphoneos;
				SWIFT_COMPILATION_MODE = wholemodule;
				SWIFT_OPTIMIZATION_LEVEL = "-O";
				VALIDATE_PRODUCT = YES;
			};
			name = Release;
		};
		FA82253527CD712E00920730 /* Debug */ = {
			isa = XCBuildConfiguration;
			baseConfigurationReference = C0DC52A1F710E4CE0291E430 /* Pods-FirebaseToDo.debug.xcconfig */;
			buildSettings = {
				ASSETCATALOG_COMPILER_APPICON_NAME = AppIcon;
				ASSETCATALOG_COMPILER_GLOBAL_ACCENT_COLOR_NAME = AccentColor;
				CODE_SIGN_STYLE = Automatic;
				CURRENT_PROJECT_VERSION = 1;
				DEVELOPMENT_TEAM = 842TDBHB38;
				GENERATE_INFOPLIST_FILE = YES;
				INFOPLIST_FILE = FirebaseToDo/Info.plist;
				INFOPLIST_KEY_UIApplicationSupportsIndirectInputEvents = YES;
				INFOPLIST_KEY_UILaunchStoryboardName = LaunchScreen;
				INFOPLIST_KEY_UIMainStoryboardFile = Main;
				INFOPLIST_KEY_UISupportedInterfaceOrientations = UIInterfaceOrientationPortrait;
				INFOPLIST_KEY_UISupportedInterfaceOrientations_iPad = "UIInterfaceOrientationPortrait UIInterfaceOrientationPortraitUpsideDown UIInterfaceOrientationLandscapeLeft UIInterfaceOrientationLandscapeRight";
				INFOPLIST_KEY_UISupportedInterfaceOrientations_iPhone = "UIInterfaceOrientationPortrait UIInterfaceOrientationLandscapeLeft UIInterfaceOrientationLandscapeRight";
				LD_RUNPATH_SEARCH_PATHS = (
					"$(inherited)",
					"@executable_path/Frameworks",
				);
				MARKETING_VERSION = 1.0;
				PRODUCT_BUNDLE_IDENTIFIER = com.Duxxless.FirebaseToDo;
				PRODUCT_NAME = "$(TARGET_NAME)";
				SWIFT_EMIT_LOC_STRINGS = YES;
				SWIFT_VERSION = 5.0;
				TARGETED_DEVICE_FAMILY = "1,2";
			};
			name = Debug;
		};
		FA82253627CD712E00920730 /* Release */ = {
			isa = XCBuildConfiguration;
			baseConfigurationReference = C37FD49384D30470B5253FD3 /* Pods-FirebaseToDo.release.xcconfig */;
			buildSettings = {
				ASSETCATALOG_COMPILER_APPICON_NAME = AppIcon;
				ASSETCATALOG_COMPILER_GLOBAL_ACCENT_COLOR_NAME = AccentColor;
				CODE_SIGN_STYLE = Automatic;
				CURRENT_PROJECT_VERSION = 1;
				DEVELOPMENT_TEAM = 842TDBHB38;
				GENERATE_INFOPLIST_FILE = YES;
				INFOPLIST_FILE = FirebaseToDo/Info.plist;
				INFOPLIST_KEY_UIApplicationSupportsIndirectInputEvents = YES;
				INFOPLIST_KEY_UILaunchStoryboardName = LaunchScreen;
				INFOPLIST_KEY_UIMainStoryboardFile = Main;
				INFOPLIST_KEY_UISupportedInterfaceOrientations = UIInterfaceOrientationPortrait;
				INFOPLIST_KEY_UISupportedInterfaceOrientations_iPad = "UIInterfaceOrientationPortrait UIInterfaceOrientationPortraitUpsideDown UIInterfaceOrientationLandscapeLeft UIInterfaceOrientationLandscapeRight";
				INFOPLIST_KEY_UISupportedInterfaceOrientations_iPhone = "UIInterfaceOrientationPortrait UIInterfaceOrientationLandscapeLeft UIInterfaceOrientationLandscapeRight";
				LD_RUNPATH_SEARCH_PATHS = (
					"$(inherited)",
					"@executable_path/Frameworks",
				);
				MARKETING_VERSION = 1.0;
				PRODUCT_BUNDLE_IDENTIFIER = com.Duxxless.FirebaseToDo;
				PRODUCT_NAME = "$(TARGET_NAME)";
				SWIFT_EMIT_LOC_STRINGS = YES;
				SWIFT_VERSION = 5.0;
				TARGETED_DEVICE_FAMILY = "1,2";
			};
			name = Release;
		};
/* End XCBuildConfiguration section */

/* Begin XCConfigurationList section */
		FA82251B27CD712E00920730 /* Build configuration list for PBXProject "FirebaseToDo" */ = {
			isa = XCConfigurationList;
			buildConfigurations = (
				FA82253227CD712E00920730 /* Debug */,
				FA82253327CD712E00920730 /* Release */,
			);
			defaultConfigurationIsVisible = 0;
			defaultConfigurationName = Release;
		};
		FA82253427CD712E00920730 /* Build configuration list for PBXNativeTarget "FirebaseToDo" */ = {
			isa = XCConfigurationList;
			buildConfigurations = (
				FA82253527CD712E00920730 /* Debug */,
				FA82253627CD712E00920730 /* Release */,
			);
			defaultConfigurationIsVisible = 0;
			defaultConfigurationName = Release;
		};
/* End XCConfigurationList section */
	};
	rootObject = FA82251827CD712E00920730 /* Project object */;
}
